{
  "version": 4,
  "terraform_version": "0.14.4",
  "serial": 1,
  "lineage": "242f7574-2147-918c-23b8-c8ba3bcd37c3",
  "outputs": {},
  "resources": [
    {
      "mode": "managed",
      "type": "aws_vpc",
      "name": "gandi",
      "provider": "provider[\"registry.terraform.io/hashicorp/aws\"]",
      "instances": [
        {
          "schema_version": 1,
          "attributes": {
            "arn": "arn:aws:ec2:ap-southeast-1:031794964402:vpc/vpc-02d41993589207b13",
            "assign_generated_ipv6_cidr_block": false,
            "cidr_block": "10.0.0.0/16",
            "default_network_acl_id": "acl-0d40b9f1d253efaa0",
            "default_route_table_id": "rtb-0e1240d7fc8f1e8c2",
            "default_security_group_id": "sg-01acd8253718b3bb9",
            "dhcp_options_id": "dopt-3d23c65b",
            "enable_classiclink": false,
            "enable_classiclink_dns_support": false,
            "enable_dns_hostnames": true,
            "enable_dns_support": true,
            "id": "vpc-02d41993589207b13",
            "instance_tenancy": "default",
            "ipv6_association_id": "",
            "ipv6_cidr_block": "",
            "main_route_table_id": "rtb-0e1240d7fc8f1e8c2",
            "owner_id": "031794964402",
            "tags": {
              "Name": "Gandi-VPC"
            },
            "tags_all": {
              "Name": "Gandi-VPC"
            }
          },
          "sensitive_attributes": [],
          "private": "eyJzY2hlbWFfdmVyc2lvbiI6IjEifQ=="
        }
      ]
    }
  ]
}
