{
  "version": 4,
  "terraform_version": "0.14.4",
  "serial": 272,
  "lineage": "e6175d41-4230-6486-2aaf-11e6ff400ba4",
  "outputs": {},
  "resources": [
    {
      "module": "module.eks",
      "mode": "managed",
      "type": "aws_security_group_rule",
      "name": "cluster_https_worker_ingress",
      "provider": "provider[\"registry.terraform.io/hashicorp/aws\"]",
      "instances": [
        {
          "index_key": 0,
          "schema_version": 2,
          "attributes": {
            "cidr_blocks": [],
            "description": "Allow pods to communicate with the EKS cluster API.",
            "from_port": 443,
            "id": "sgrule-450852626",
            "ipv6_cidr_blocks": [],
            "prefix_list_ids": [],
            "protocol": "tcp",
            "security_group_id": "sg-07593c5a29244a57f",
            "self": false,
            "source_security_group_id": "sg-07c1225990d1b1549",
            "to_port": 443,
            "type": "ingress"
          },
          "sensitive_attributes": []
        }
      ]
    }
  ]
}
